// !$*UTF8*$!
{
	archiveVersion = 1;
	classes = {
	};
	objectVersion = 56;
	objects = {

/* Begin PBXBuildFile section */
		5218DEB6291F3D5700EDC095 /* AppDelegate.swift in Sources */ = {isa = PBXBuildFile; fileRef = 5218DEB5291F3D5700EDC095 /* AppDelegate.swift */; };
		5218DEB8291F3D5700EDC095 /* SceneDelegate.swift in Sources */ = {isa = PBXBuildFile; fileRef = 5218DEB7291F3D5700EDC095 /* SceneDelegate.swift */; };
		5218DEBF291F3D5B00EDC095 /* Assets.xcassets in Resources */ = {isa = PBXBuildFile; fileRef = 5218DEBE291F3D5B00EDC095 /* Assets.xcassets */; };
		5218DEC2291F3D5B00EDC095 /* LaunchScreen.storyboard in Resources */ = {isa = PBXBuildFile; fileRef = 5218DEC0291F3D5B00EDC095 /* LaunchScreen.storyboard */; };
		5218DECC291F440100EDC095 /* MainView.swift in Sources */ = {isa = PBXBuildFile; fileRef = 5218DECB291F440100EDC095 /* MainView.swift */; };
		5218DECE291F465A00EDC095 /* MainView.xib in Resources */ = {isa = PBXBuildFile; fileRef = 5218DECD291F465A00EDC095 /* MainView.xib */; };
		5232CE512920A7B10048F707 /* UIImage+Extension.swift in Sources */ = {isa = PBXBuildFile; fileRef = 5232CE502920A7B10048F707 /* UIImage+Extension.swift */; };
		5232CE532920B1310048F707 /* MovieProtocols.swift in Sources */ = {isa = PBXBuildFile; fileRef = 5232CE522920B1310048F707 /* MovieProtocols.swift */; };
		5232CE552920B1B70048F707 /* MoviePresenter.swift in Sources */ = {isa = PBXBuildFile; fileRef = 5232CE542920B1B70048F707 /* MoviePresenter.swift */; };
		5232CE572920B1E40048F707 /* MovieInteractor.swift in Sources */ = {isa = PBXBuildFile; fileRef = 5232CE562920B1E40048F707 /* MovieInteractor.swift */; };
		5232CE592920B2180048F707 /* MovieRouter.swift in Sources */ = {isa = PBXBuildFile; fileRef = 5232CE582920B2180048F707 /* MovieRouter.swift */; };
		5232CE5D2920BC160048F707 /* MainTableViewCell.swift in Sources */ = {isa = PBXBuildFile; fileRef = 5232CE5C2920BC160048F707 /* MainTableViewCell.swift */; };
		5232CE5F2920BC240048F707 /* MainTableViewCell.xib in Resources */ = {isa = PBXBuildFile; fileRef = 5232CE5E2920BC240048F707 /* MainTableViewCell.xib */; };
		5232CE622920C1DB0048F707 /* MainTableViewSectionHeaderCell.xib in Resources */ = {isa = PBXBuildFile; fileRef = 5232CE612920C1DB0048F707 /* MainTableViewSectionHeaderCell.xib */; };
		5232CE642920C2140048F707 /* MainTableViewSectionHeaderCell.swift in Sources */ = {isa = PBXBuildFile; fileRef = 5232CE632920C2140048F707 /* MainTableViewSectionHeaderCell.swift */; };
		5232CE672920DDF60048F707 /* MainCollectionViewCell.xib in Resources */ = {isa = PBXBuildFile; fileRef = 5232CE662920DDF60048F707 /* MainCollectionViewCell.xib */; };
		5232CE692920DE240048F707 /* MainCollectionViewCell.swift in Sources */ = {isa = PBXBuildFile; fileRef = 5232CE682920DE240048F707 /* MainCollectionViewCell.swift */; };
		5232CE6B2920ECAE0048F707 /* UICollectionViewCell+Extension.swift in Sources */ = {isa = PBXBuildFile; fileRef = 5232CE6A2920ECAE0048F707 /* UICollectionViewCell+Extension.swift */; };
		5232CE6E2920F45B0048F707 /* SkeletonView in Frameworks */ = {isa = PBXBuildFile; productRef = 5232CE6D2920F45B0048F707 /* SkeletonView */; };
		52E53753291FE9E000F06ED2 /* SplashPresenter.swift in Sources */ = {isa = PBXBuildFile; fileRef = 52E53752291FE9E000F06ED2 /* SplashPresenter.swift */; };
		52E53755291FEA6600F06ED2 /* SplashInteractor.swift in Sources */ = {isa = PBXBuildFile; fileRef = 52E53754291FEA6600F06ED2 /* SplashInteractor.swift */; };
		52E53757291FF10600F06ED2 /* SplashRouter.swift in Sources */ = {isa = PBXBuildFile; fileRef = 52E53756291FF10600F06ED2 /* SplashRouter.swift */; };
		52E53759291FF50F00F06ED2 /* MainProtocols.swift in Sources */ = {isa = PBXBuildFile; fileRef = 52E53758291FF50F00F06ED2 /* MainProtocols.swift */; };
		52E5375B291FF51E00F06ED2 /* MainPresenter.swift in Sources */ = {isa = PBXBuildFile; fileRef = 52E5375A291FF51E00F06ED2 /* MainPresenter.swift */; };
		52E5375D291FF52B00F06ED2 /* MainInteractor.swift in Sources */ = {isa = PBXBuildFile; fileRef = 52E5375C291FF52B00F06ED2 /* MainInteractor.swift */; };
		52E5375F291FF53500F06ED2 /* MainRouter.swift in Sources */ = {isa = PBXBuildFile; fileRef = 52E5375E291FF53500F06ED2 /* MainRouter.swift */; };
		52E5376229207E6F00F06ED2 /* MovieView.swift in Sources */ = {isa = PBXBuildFile; fileRef = 52E5376129207E6F00F06ED2 /* MovieView.swift */; };
		52E5376429207F8900F06ED2 /* MovieView.xib in Resources */ = {isa = PBXBuildFile; fileRef = 52E5376329207F8900F06ED2 /* MovieView.xib */; };
		52E70A47291F4C630056C8F5 /* SplashView.xib in Resources */ = {isa = PBXBuildFile; fileRef = 52E70A46291F4C630056C8F5 /* SplashView.xib */; };
		52E70A49291F4C760056C8F5 /* SplashView.swift in Sources */ = {isa = PBXBuildFile; fileRef = 52E70A48291F4C760056C8F5 /* SplashView.swift */; };
		52E70A4B291F4E870056C8F5 /* SplashProtocols.swift in Sources */ = {isa = PBXBuildFile; fileRef = 52E70A4A291F4E870056C8F5 /* SplashProtocols.swift */; };
		52E70A4E291F53B60056C8F5 /* MovieDB.xcconfig in Resources */ = {isa = PBXBuildFile; fileRef = 52E70A4D291F53B60056C8F5 /* MovieDB.xcconfig */; };
		52E70A51291F55480056C8F5 /* ConfigHelper.swift in Sources */ = {isa = PBXBuildFile; fileRef = 52E70A50291F55480056C8F5 /* ConfigHelper.swift */; };
		52E70A54291F55FE0056C8F5 /* String+Extension.swift in Sources */ = {isa = PBXBuildFile; fileRef = 52E70A53291F55FE0056C8F5 /* String+Extension.swift */; };
		52E70A57291F5C9B0056C8F5 /* Moya in Frameworks */ = {isa = PBXBuildFile; productRef = 52E70A56291F5C9B0056C8F5 /* Moya */; };
		52E70A59291F5CC00056C8F5 /* NetworkService.swift in Sources */ = {isa = PBXBuildFile; fileRef = 52E70A58291F5CC00056C8F5 /* NetworkService.swift */; };
		52E70A5E291F5DA40056C8F5 /* ErrorModel.swift in Sources */ = {isa = PBXBuildFile; fileRef = 52E70A5D291F5DA40056C8F5 /* ErrorModel.swift */; };
		52E70A63291F5EBE0056C8F5 /* MainService.swift in Sources */ = {isa = PBXBuildFile; fileRef = 52E70A62291F5EBE0056C8F5 /* MainService.swift */; };
		52E70A66291F9C250056C8F5 /* Kingfisher in Frameworks */ = {isa = PBXBuildFile; productRef = 52E70A65291F9C250056C8F5 /* Kingfisher */; };
		52E70A68291F9EBC0056C8F5 /* MovieModel.swift in Sources */ = {isa = PBXBuildFile; fileRef = 52E70A67291F9EBC0056C8F5 /* MovieModel.swift */; };
		52E70A6F291FA6450056C8F5 /* Color.xcassets in Resources */ = {isa = PBXBuildFile; fileRef = 52E70A6E291FA6450056C8F5 /* Color.xcassets */; };
		52E70A71291FA6D90056C8F5 /* UIColor+Extension.swift in Sources */ = {isa = PBXBuildFile; fileRef = 52E70A70291FA6D90056C8F5 /* UIColor+Extension.swift */; };
		52E70A73291FAFA90056C8F5 /* LoaderView.swift in Sources */ = {isa = PBXBuildFile; fileRef = 52E70A72291FAFA90056C8F5 /* LoaderView.swift */; };
		52E70A75291FB9050056C8F5 /* CGFloat+Extension.swift in Sources */ = {isa = PBXBuildFile; fileRef = 52E70A74291FB9050056C8F5 /* CGFloat+Extension.swift */; };
/* End PBXBuildFile section */

/* Begin PBXFileReference section */
		5218DEB2291F3D5700EDC095 /* MovieDB.app */ = {isa = PBXFileReference; explicitFileType = wrapper.application; includeInIndex = 0; path = MovieDB.app; sourceTree = BUILT_PRODUCTS_DIR; };
		5218DEB5291F3D5700EDC095 /* AppDelegate.swift */ = {isa = PBXFileReference; lastKnownFileType = sourcecode.swift; path = AppDelegate.swift; sourceTree = "<group>"; };
		5218DEB7291F3D5700EDC095 /* SceneDelegate.swift */ = {isa = PBXFileReference; lastKnownFileType = sourcecode.swift; path = SceneDelegate.swift; sourceTree = "<group>"; };
		5218DEBE291F3D5B00EDC095 /* Assets.xcassets */ = {isa = PBXFileReference; lastKnownFileType = folder.assetcatalog; path = Assets.xcassets; sourceTree = "<group>"; };
		5218DEC1291F3D5B00EDC095 /* Base */ = {isa = PBXFileReference; lastKnownFileType = file.storyboard; name = Base; path = Base.lproj/LaunchScreen.storyboard; sourceTree = "<group>"; };
		5218DEC3291F3D5B00EDC095 /* Info.plist */ = {isa = PBXFileReference; lastKnownFileType = text.plist.xml; path = Info.plist; sourceTree = "<group>"; };
		5218DECB291F440100EDC095 /* MainView.swift */ = {isa = PBXFileReference; lastKnownFileType = sourcecode.swift; path = MainView.swift; sourceTree = "<group>"; };
		5218DECD291F465A00EDC095 /* MainView.xib */ = {isa = PBXFileReference; lastKnownFileType = file.xib; path = MainView.xib; sourceTree = "<group>"; };
		5232CE502920A7B10048F707 /* UIImage+Extension.swift */ = {isa = PBXFileReference; lastKnownFileType = sourcecode.swift; path = "UIImage+Extension.swift"; sourceTree = "<group>"; };
		5232CE522920B1310048F707 /* MovieProtocols.swift */ = {isa = PBXFileReference; lastKnownFileType = sourcecode.swift; path = MovieProtocols.swift; sourceTree = "<group>"; };
		5232CE542920B1B70048F707 /* MoviePresenter.swift */ = {isa = PBXFileReference; lastKnownFileType = sourcecode.swift; path = MoviePresenter.swift; sourceTree = "<group>"; };
		5232CE562920B1E40048F707 /* MovieInteractor.swift */ = {isa = PBXFileReference; lastKnownFileType = sourcecode.swift; path = MovieInteractor.swift; sourceTree = "<group>"; };
		5232CE582920B2180048F707 /* MovieRouter.swift */ = {isa = PBXFileReference; lastKnownFileType = sourcecode.swift; path = MovieRouter.swift; sourceTree = "<group>"; };
		5232CE5C2920BC160048F707 /* MainTableViewCell.swift */ = {isa = PBXFileReference; lastKnownFileType = sourcecode.swift; path = MainTableViewCell.swift; sourceTree = "<group>"; };
		5232CE5E2920BC240048F707 /* MainTableViewCell.xib */ = {isa = PBXFileReference; lastKnownFileType = file.xib; path = MainTableViewCell.xib; sourceTree = "<group>"; };
		5232CE612920C1DB0048F707 /* MainTableViewSectionHeaderCell.xib */ = {isa = PBXFileReference; lastKnownFileType = file.xib; path = MainTableViewSectionHeaderCell.xib; sourceTree = "<group>"; };
		5232CE632920C2140048F707 /* MainTableViewSectionHeaderCell.swift */ = {isa = PBXFileReference; lastKnownFileType = sourcecode.swift; path = MainTableViewSectionHeaderCell.swift; sourceTree = "<group>"; };
		5232CE662920DDF60048F707 /* MainCollectionViewCell.xib */ = {isa = PBXFileReference; lastKnownFileType = file.xib; path = MainCollectionViewCell.xib; sourceTree = "<group>"; };
		5232CE682920DE240048F707 /* MainCollectionViewCell.swift */ = {isa = PBXFileReference; lastKnownFileType = sourcecode.swift; path = MainCollectionViewCell.swift; sourceTree = "<group>"; };
		5232CE6A2920ECAE0048F707 /* UICollectionViewCell+Extension.swift */ = {isa = PBXFileReference; lastKnownFileType = sourcecode.swift; path = "UICollectionViewCell+Extension.swift"; sourceTree = "<group>"; };
		52E53752291FE9E000F06ED2 /* SplashPresenter.swift */ = {isa = PBXFileReference; lastKnownFileType = sourcecode.swift; path = SplashPresenter.swift; sourceTree = "<group>"; };
		52E53754291FEA6600F06ED2 /* SplashInteractor.swift */ = {isa = PBXFileReference; lastKnownFileType = sourcecode.swift; path = SplashInteractor.swift; sourceTree = "<group>"; };
		52E53756291FF10600F06ED2 /* SplashRouter.swift */ = {isa = PBXFileReference; lastKnownFileType = sourcecode.swift; path = SplashRouter.swift; sourceTree = "<group>"; };
		52E53758291FF50F00F06ED2 /* MainProtocols.swift */ = {isa = PBXFileReference; lastKnownFileType = sourcecode.swift; path = MainProtocols.swift; sourceTree = "<group>"; };
		52E5375A291FF51E00F06ED2 /* MainPresenter.swift */ = {isa = PBXFileReference; lastKnownFileType = sourcecode.swift; path = MainPresenter.swift; sourceTree = "<group>"; };
		52E5375C291FF52B00F06ED2 /* MainInteractor.swift */ = {isa = PBXFileReference; lastKnownFileType = sourcecode.swift; path = MainInteractor.swift; sourceTree = "<group>"; };
		52E5375E291FF53500F06ED2 /* MainRouter.swift */ = {isa = PBXFileReference; lastKnownFileType = sourcecode.swift; path = MainRouter.swift; sourceTree = "<group>"; };
		52E5376129207E6F00F06ED2 /* MovieView.swift */ = {isa = PBXFileReference; lastKnownFileType = sourcecode.swift; path = MovieView.swift; sourceTree = "<group>"; };
		52E5376329207F8900F06ED2 /* MovieView.xib */ = {isa = PBXFileReference; lastKnownFileType = file.xib; path = MovieView.xib; sourceTree = "<group>"; };
		52E70A46291F4C630056C8F5 /* SplashView.xib */ = {isa = PBXFileReference; lastKnownFileType = file.xib; path = SplashView.xib; sourceTree = "<group>"; };
		52E70A48291F4C760056C8F5 /* SplashView.swift */ = {isa = PBXFileReference; lastKnownFileType = sourcecode.swift; path = SplashView.swift; sourceTree = "<group>"; };
		52E70A4A291F4E870056C8F5 /* SplashProtocols.swift */ = {isa = PBXFileReference; lastKnownFileType = sourcecode.swift; path = SplashProtocols.swift; sourceTree = "<group>"; };
		52E70A4D291F53B60056C8F5 /* MovieDB.xcconfig */ = {isa = PBXFileReference; lastKnownFileType = text.xcconfig; path = MovieDB.xcconfig; sourceTree = "<group>"; };
		52E70A50291F55480056C8F5 /* ConfigHelper.swift */ = {isa = PBXFileReference; lastKnownFileType = sourcecode.swift; path = ConfigHelper.swift; sourceTree = "<group>"; };
		52E70A53291F55FE0056C8F5 /* String+Extension.swift */ = {isa = PBXFileReference; lastKnownFileType = sourcecode.swift; path = "String+Extension.swift"; sourceTree = "<group>"; };
		52E70A58291F5CC00056C8F5 /* NetworkService.swift */ = {isa = PBXFileReference; lastKnownFileType = sourcecode.swift; path = NetworkService.swift; sourceTree = "<group>"; };
		52E70A5D291F5DA40056C8F5 /* ErrorModel.swift */ = {isa = PBXFileReference; lastKnownFileType = sourcecode.swift; path = ErrorModel.swift; sourceTree = "<group>"; };
		52E70A62291F5EBE0056C8F5 /* MainService.swift */ = {isa = PBXFileReference; lastKnownFileType = sourcecode.swift; path = MainService.swift; sourceTree = "<group>"; };
		52E70A67291F9EBC0056C8F5 /* MovieModel.swift */ = {isa = PBXFileReference; lastKnownFileType = sourcecode.swift; path = MovieModel.swift; sourceTree = "<group>"; };
		52E70A6E291FA6450056C8F5 /* Color.xcassets */ = {isa = PBXFileReference; lastKnownFileType = folder.assetcatalog; path = Color.xcassets; sourceTree = "<group>"; };
		52E70A70291FA6D90056C8F5 /* UIColor+Extension.swift */ = {isa = PBXFileReference; lastKnownFileType = sourcecode.swift; path = "UIColor+Extension.swift"; sourceTree = "<group>"; };
		52E70A72291FAFA90056C8F5 /* LoaderView.swift */ = {isa = PBXFileReference; lastKnownFileType = sourcecode.swift; path = LoaderView.swift; sourceTree = "<group>"; };
		52E70A74291FB9050056C8F5 /* CGFloat+Extension.swift */ = {isa = PBXFileReference; lastKnownFileType = sourcecode.swift; path = "CGFloat+Extension.swift"; sourceTree = "<group>"; };
/* End PBXFileReference section */

/* Begin PBXFrameworksBuildPhase section */
		5218DEAF291F3D5600EDC095 /* Frameworks */ = {
			isa = PBXFrameworksBuildPhase;
			buildActionMask = 2147483647;
			files = (
				52E70A66291F9C250056C8F5 /* Kingfisher in Frameworks */,
				5232CE6E2920F45B0048F707 /* SkeletonView in Frameworks */,
				52E70A57291F5C9B0056C8F5 /* Moya in Frameworks */,
			);
			runOnlyForDeploymentPostprocessing = 0;
		};
/* End PBXFrameworksBuildPhase section */

/* Begin PBXGroup section */
		5218DEA9291F3D5600EDC095 = {
			isa = PBXGroup;
			children = (
				5218DEB4291F3D5700EDC095 /* MovieDB */,
				5218DEB3291F3D5700EDC095 /* Products */,
			);
			sourceTree = "<group>";
		};
		5218DEB3291F3D5700EDC095 /* Products */ = {
			isa = PBXGroup;
			children = (
				5218DEB2291F3D5700EDC095 /* MovieDB.app */,
			);
			name = Products;
			sourceTree = "<group>";
		};
		5218DEB4291F3D5700EDC095 /* MovieDB */ = {
			isa = PBXGroup;
			children = (
				52E70A5B291F5D6C0056C8F5 /* Common */,
				52E70A5A291F5CCA0056C8F5 /* Service */,
				52E70A52291F55820056C8F5 /* Extension */,
				52E70A4F291F55360056C8F5 /* Helper */,
				52E70A4C291F538A0056C8F5 /* Config */,
				5218DEC9291F43CD00EDC095 /* Feature */,
				52E70A6D291FA62B0056C8F5 /* Resource */,
				5218DEB7291F3D5700EDC095 /* SceneDelegate.swift */,
				5218DEB5291F3D5700EDC095 /* AppDelegate.swift */,
				5218DEC0291F3D5B00EDC095 /* LaunchScreen.storyboard */,
				5218DEC3291F3D5B00EDC095 /* Info.plist */,
			);
			path = MovieDB;
			sourceTree = "<group>";
		};
		5218DEC9291F43CD00EDC095 /* Feature */ = {
			isa = PBXGroup;
			children = (
				52E5376029207E5600F06ED2 /* Movie */,
				5218DED0291F4A2300EDC095 /* Splash */,
				5218DECA291F43EC00EDC095 /* Main */,
			);
			path = Feature;
			sourceTree = "<group>";
		};
		5218DECA291F43EC00EDC095 /* Main */ = {
			isa = PBXGroup;
			children = (
				5218DECB291F440100EDC095 /* MainView.swift */,
				5218DECD291F465A00EDC095 /* MainView.xib */,
				52E53758291FF50F00F06ED2 /* MainProtocols.swift */,
				52E5375A291FF51E00F06ED2 /* MainPresenter.swift */,
				52E5375C291FF52B00F06ED2 /* MainInteractor.swift */,
				52E5375E291FF53500F06ED2 /* MainRouter.swift */,
			);
			path = Main;
			sourceTree = "<group>";
		};
		5218DED0291F4A2300EDC095 /* Splash */ = {
			isa = PBXGroup;
			children = (
				52E70A46291F4C630056C8F5 /* SplashView.xib */,
				52E70A48291F4C760056C8F5 /* SplashView.swift */,
				52E70A4A291F4E870056C8F5 /* SplashProtocols.swift */,
				52E53752291FE9E000F06ED2 /* SplashPresenter.swift */,
				52E53754291FEA6600F06ED2 /* SplashInteractor.swift */,
				52E53756291FF10600F06ED2 /* SplashRouter.swift */,
			);
			path = Splash;
			sourceTree = "<group>";
		};
		5232CE5A2920BB830048F707 /* Cell */ = {
			isa = PBXGroup;
			children = (
				5232CE652920DDC60048F707 /* MainCollectionViewCell */,
				5232CE602920C19E0048F707 /* MainTableViewSectionHeaderCell */,
				5232CE5B2920BBDA0048F707 /* MainTableViewCell */,
			);
			path = Cell;
			sourceTree = "<group>";
		};
		5232CE5B2920BBDA0048F707 /* MainTableViewCell */ = {
			isa = PBXGroup;
			children = (
				5232CE5C2920BC160048F707 /* MainTableViewCell.swift */,
				5232CE5E2920BC240048F707 /* MainTableViewCell.xib */,
			);
			path = MainTableViewCell;
			sourceTree = "<group>";
		};
		5232CE602920C19E0048F707 /* MainTableViewSectionHeaderCell */ = {
			isa = PBXGroup;
			children = (
				5232CE612920C1DB0048F707 /* MainTableViewSectionHeaderCell.xib */,
				5232CE632920C2140048F707 /* MainTableViewSectionHeaderCell.swift */,
			);
			path = MainTableViewSectionHeaderCell;
			sourceTree = "<group>";
		};
		5232CE652920DDC60048F707 /* MainCollectionViewCell */ = {
			isa = PBXGroup;
			children = (
				5232CE662920DDF60048F707 /* MainCollectionViewCell.xib */,
				5232CE682920DE240048F707 /* MainCollectionViewCell.swift */,
			);
			path = MainCollectionViewCell;
			sourceTree = "<group>";
		};
		52E5376029207E5600F06ED2 /* Movie */ = {
			isa = PBXGroup;
			children = (
				5232CE5A2920BB830048F707 /* Cell */,
				52E5376129207E6F00F06ED2 /* MovieView.swift */,
				52E5376329207F8900F06ED2 /* MovieView.xib */,
				5232CE522920B1310048F707 /* MovieProtocols.swift */,
				5232CE542920B1B70048F707 /* MoviePresenter.swift */,
				5232CE562920B1E40048F707 /* MovieInteractor.swift */,
				5232CE582920B2180048F707 /* MovieRouter.swift */,
			);
			path = Movie;
			sourceTree = "<group>";
		};
		52E70A4C291F538A0056C8F5 /* Config */ = {
			isa = PBXGroup;
			children = (
				52E70A4D291F53B60056C8F5 /* MovieDB.xcconfig */,
			);
			path = Config;
			sourceTree = "<group>";
		};
		52E70A4F291F55360056C8F5 /* Helper */ = {
			isa = PBXGroup;
			children = (
				52E70A50291F55480056C8F5 /* ConfigHelper.swift */,
			);
			path = Helper;
			sourceTree = "<group>";
		};
		52E70A52291F55820056C8F5 /* Extension */ = {
			isa = PBXGroup;
			children = (
				52E70A53291F55FE0056C8F5 /* String+Extension.swift */,
				52E70A70291FA6D90056C8F5 /* UIColor+Extension.swift */,
				52E70A74291FB9050056C8F5 /* CGFloat+Extension.swift */,
				5232CE502920A7B10048F707 /* UIImage+Extension.swift */,
				5232CE6A2920ECAE0048F707 /* UICollectionViewCell+Extension.swift */,
			);
			path = Extension;
			sourceTree = "<group>";
		};
		52E70A5A291F5CCA0056C8F5 /* Service */ = {
			isa = PBXGroup;
			children = (
				52E70A5F291F5E2D0056C8F5 /* Network */,
			);
			path = Service;
			sourceTree = "<group>";
		};
		52E70A5B291F5D6C0056C8F5 /* Common */ = {
			isa = PBXGroup;
			children = (
				52E70A6A291FA49B0056C8F5 /* UI */,
				52E70A5C291F5D7A0056C8F5 /* Model */,
			);
			path = Common;
			sourceTree = "<group>";
		};
		52E70A5C291F5D7A0056C8F5 /* Model */ = {
			isa = PBXGroup;
			children = (
				52E70A69291F9FBF0056C8F5 /* Main */,
				52E70A5D291F5DA40056C8F5 /* ErrorModel.swift */,
			);
			path = Model;
			sourceTree = "<group>";
		};
		52E70A5F291F5E2D0056C8F5 /* Network */ = {
			isa = PBXGroup;
			children = (
				52E70A61291F5E770056C8F5 /* FeatureService */,
				52E70A58291F5CC00056C8F5 /* NetworkService.swift */,
			);
			path = Network;
			sourceTree = "<group>";
		};
		52E70A61291F5E770056C8F5 /* FeatureService */ = {
			isa = PBXGroup;
			children = (
				52E70A62291F5EBE0056C8F5 /* MainService.swift */,
			);
			path = FeatureService;
			sourceTree = "<group>";
		};
		52E70A69291F9FBF0056C8F5 /* Main */ = {
			isa = PBXGroup;
			children = (
				52E70A67291F9EBC0056C8F5 /* MovieModel.swift */,
			);
			path = Main;
			sourceTree = "<group>";
		};
		52E70A6A291FA49B0056C8F5 /* UI */ = {
			isa = PBXGroup;
			children = (
				52E70A72291FAFA90056C8F5 /* LoaderView.swift */,
			);
			path = UI;
			sourceTree = "<group>";
		};
		52E70A6D291FA62B0056C8F5 /* Resource */ = {
			isa = PBXGroup;
			children = (
				5218DEBE291F3D5B00EDC095 /* Assets.xcassets */,
				52E70A6E291FA6450056C8F5 /* Color.xcassets */,
			);
			path = Resource;
			sourceTree = "<group>";
		};
/* End PBXGroup section */

/* Begin PBXNativeTarget section */
		5218DEB1291F3D5600EDC095 /* MovieDB */ = {
			isa = PBXNativeTarget;
			buildConfigurationList = 5218DEC6291F3D5B00EDC095 /* Build configuration list for PBXNativeTarget "MovieDB" */;
			buildPhases = (
				5218DEAE291F3D5600EDC095 /* Sources */,
				5218DEAF291F3D5600EDC095 /* Frameworks */,
				5218DEB0291F3D5600EDC095 /* Resources */,
			);
			buildRules = (
			);
			dependencies = (
			);
			name = MovieDB;
			packageProductDependencies = (
				52E70A56291F5C9B0056C8F5 /* Moya */,
				52E70A65291F9C250056C8F5 /* Kingfisher */,
				5232CE6D2920F45B0048F707 /* SkeletonView */,
			);
			productName = MovieDB;
			productReference = 5218DEB2291F3D5700EDC095 /* MovieDB.app */;
			productType = "com.apple.product-type.application";
		};
/* End PBXNativeTarget section */

/* Begin PBXProject section */
		5218DEAA291F3D5600EDC095 /* Project object */ = {
			isa = PBXProject;
			attributes = {
				BuildIndependentTargetsInParallel = 1;
				LastSwiftUpdateCheck = 1400;
				LastUpgradeCheck = 1400;
				TargetAttributes = {
					5218DEB1291F3D5600EDC095 = {
						CreatedOnToolsVersion = 14.0.1;
					};
				};
			};
			buildConfigurationList = 5218DEAD291F3D5600EDC095 /* Build configuration list for PBXProject "MovieDB" */;
			compatibilityVersion = "Xcode 14.0";
			developmentRegion = en;
			hasScannedForEncodings = 0;
			knownRegions = (
				en,
				Base,
			);
			mainGroup = 5218DEA9291F3D5600EDC095;
			packageReferences = (
				52E70A55291F5C9B0056C8F5 /* XCRemoteSwiftPackageReference "Moya" */,
				52E70A64291F9C250056C8F5 /* XCRemoteSwiftPackageReference "Kingfisher" */,
				5232CE6C2920F45B0048F707 /* XCRemoteSwiftPackageReference "SkeletonView" */,
			);
			productRefGroup = 5218DEB3291F3D5700EDC095 /* Products */;
			projectDirPath = "";
			projectRoot = "";
			targets = (
				5218DEB1291F3D5600EDC095 /* MovieDB */,
			);
		};
/* End PBXProject section */

/* Begin PBXResourcesBuildPhase section */
		5218DEB0291F3D5600EDC095 /* Resources */ = {
			isa = PBXResourcesBuildPhase;
			buildActionMask = 2147483647;
			files = (
				52E70A4E291F53B60056C8F5 /* MovieDB.xcconfig in Resources */,
				5232CE622920C1DB0048F707 /* MainTableViewSectionHeaderCell.xib in Resources */,
				5218DEC2291F3D5B00EDC095 /* LaunchScreen.storyboard in Resources */,
				5232CE672920DDF60048F707 /* MainCollectionViewCell.xib in Resources */,
				52E70A47291F4C630056C8F5 /* SplashView.xib in Resources */,
				5218DECE291F465A00EDC095 /* MainView.xib in Resources */,
				52E5376429207F8900F06ED2 /* MovieView.xib in Resources */,
				5218DEBF291F3D5B00EDC095 /* Assets.xcassets in Resources */,
				5232CE5F2920BC240048F707 /* MainTableViewCell.xib in Resources */,
				52E70A6F291FA6450056C8F5 /* Color.xcassets in Resources */,
			);
			runOnlyForDeploymentPostprocessing = 0;
		};
/* End PBXResourcesBuildPhase section */

/* Begin PBXSourcesBuildPhase section */
		5218DEAE291F3D5600EDC095 /* Sources */ = {
			isa = PBXSourcesBuildPhase;
			buildActionMask = 2147483647;
			files = (
				5232CE6B2920ECAE0048F707 /* UICollectionViewCell+Extension.swift in Sources */,
				52E70A68291F9EBC0056C8F5 /* MovieModel.swift in Sources */,
				52E70A4B291F4E870056C8F5 /* SplashProtocols.swift in Sources */,
				52E53759291FF50F00F06ED2 /* MainProtocols.swift in Sources */,
				5232CE552920B1B70048F707 /* MoviePresenter.swift in Sources */,
				52E5375D291FF52B00F06ED2 /* MainInteractor.swift in Sources */,
				5232CE532920B1310048F707 /* MovieProtocols.swift in Sources */,
				52E70A54291F55FE0056C8F5 /* String+Extension.swift in Sources */,
				5232CE692920DE240048F707 /* MainCollectionViewCell.swift in Sources */,
				52E70A73291FAFA90056C8F5 /* LoaderView.swift in Sources */,
				52E70A59291F5CC00056C8F5 /* NetworkService.swift in Sources */,
				5218DECC291F440100EDC095 /* MainView.swift in Sources */,
				5232CE5D2920BC160048F707 /* MainTableViewCell.swift in Sources */,
				52E5375F291FF53500F06ED2 /* MainRouter.swift in Sources */,
				5232CE512920A7B10048F707 /* UIImage+Extension.swift in Sources */,
				52E70A49291F4C760056C8F5 /* SplashView.swift in Sources */,
				52E5375B291FF51E00F06ED2 /* MainPresenter.swift in Sources */,
				52E53755291FEA6600F06ED2 /* SplashInteractor.swift in Sources */,
				52E53757291FF10600F06ED2 /* SplashRouter.swift in Sources */,
				5218DEB6291F3D5700EDC095 /* AppDelegate.swift in Sources */,
				5232CE572920B1E40048F707 /* MovieInteractor.swift in Sources */,
				5232CE642920C2140048F707 /* MainTableViewSectionHeaderCell.swift in Sources */,
				52E70A63291F5EBE0056C8F5 /* MainService.swift in Sources */,
				52E70A5E291F5DA40056C8F5 /* ErrorModel.swift in Sources */,
				5218DEB8291F3D5700EDC095 /* SceneDelegate.swift in Sources */,
				52E53753291FE9E000F06ED2 /* SplashPresenter.swift in Sources */,
				52E70A51291F55480056C8F5 /* ConfigHelper.swift in Sources */,
				5232CE592920B2180048F707 /* MovieRouter.swift in Sources */,
				52E70A75291FB9050056C8F5 /* CGFloat+Extension.swift in Sources */,
				52E70A71291FA6D90056C8F5 /* UIColor+Extension.swift in Sources */,
				52E5376229207E6F00F06ED2 /* MovieView.swift in Sources */,
			);
			runOnlyForDeploymentPostprocessing = 0;
		};
/* End PBXSourcesBuildPhase section */

/* Begin PBXVariantGroup section */
		5218DEC0291F3D5B00EDC095 /* LaunchScreen.storyboard */ = {
			isa = PBXVariantGroup;
			children = (
				5218DEC1291F3D5B00EDC095 /* Base */,
			);
			name = LaunchScreen.storyboard;
			sourceTree = "<group>";
		};
/* End PBXVariantGroup section */

/* Begin XCBuildConfiguration section */
		5218DEC4291F3D5B00EDC095 /* Debug */ = {
			isa = XCBuildConfiguration;
			baseConfigurationReference = 52E70A4D291F53B60056C8F5 /* MovieDB.xcconfig */;
			buildSettings = {
				ALWAYS_SEARCH_USER_PATHS = NO;
				CLANG_ANALYZER_NONNULL = YES;
				CLANG_ANALYZER_NUMBER_OBJECT_CONVERSION = YES_AGGRESSIVE;
				CLANG_CXX_LANGUAGE_STANDARD = "gnu++20";
				CLANG_ENABLE_MODULES = YES;
				CLANG_ENABLE_OBJC_ARC = YES;
				CLANG_ENABLE_OBJC_WEAK = YES;
				CLANG_WARN_BLOCK_CAPTURE_AUTORELEASING = YES;
				CLANG_WARN_BOOL_CONVERSION = YES;
				CLANG_WARN_COMMA = YES;
				CLANG_WARN_CONSTANT_CONVERSION = YES;
				CLANG_WARN_DEPRECATED_OBJC_IMPLEMENTATIONS = YES;
				CLANG_WARN_DIRECT_OBJC_ISA_USAGE = YES_ERROR;
				CLANG_WARN_DOCUMENTATION_COMMENTS = YES;
				CLANG_WARN_EMPTY_BODY = YES;
				CLANG_WARN_ENUM_CONVERSION = YES;
				CLANG_WARN_INFINITE_RECURSION = YES;
				CLANG_WARN_INT_CONVERSION = YES;
				CLANG_WARN_NON_LITERAL_NULL_CONVERSION = YES;
				CLANG_WARN_OBJC_IMPLICIT_RETAIN_SELF = YES;
				CLANG_WARN_OBJC_LITERAL_CONVERSION = YES;
				CLANG_WARN_OBJC_ROOT_CLASS = YES_ERROR;
				CLANG_WARN_QUOTED_INCLUDE_IN_FRAMEWORK_HEADER = YES;
				CLANG_WARN_RANGE_LOOP_ANALYSIS = YES;
				CLANG_WARN_STRICT_PROTOTYPES = YES;
				CLANG_WARN_SUSPICIOUS_MOVE = YES;
				CLANG_WARN_UNGUARDED_AVAILABILITY = YES_AGGRESSIVE;
				CLANG_WARN_UNREACHABLE_CODE = YES;
				CLANG_WARN__DUPLICATE_METHOD_MATCH = YES;
				COPY_PHASE_STRIP = NO;
				DEBUG_INFORMATION_FORMAT = dwarf;
				ENABLE_STRICT_OBJC_MSGSEND = YES;
				ENABLE_TESTABILITY = YES;
				GCC_C_LANGUAGE_STANDARD = gnu11;
				GCC_DYNAMIC_NO_PIC = NO;
				GCC_NO_COMMON_BLOCKS = YES;
				GCC_OPTIMIZATION_LEVEL = 0;
				GCC_PREPROCESSOR_DEFINITIONS = (
					"DEBUG=1",
					"$(inherited)",
				);
				GCC_WARN_64_TO_32_BIT_CONVERSION = YES;
				GCC_WARN_ABOUT_RETURN_TYPE = YES_ERROR;
				GCC_WARN_UNDECLARED_SELECTOR = YES;
				GCC_WARN_UNINITIALIZED_AUTOS = YES_AGGRESSIVE;
				GCC_WARN_UNUSED_FUNCTION = YES;
				GCC_WARN_UNUSED_VARIABLE = YES;
				IPHONEOS_DEPLOYMENT_TARGET = 16.0;
				MTL_ENABLE_DEBUG_INFO = INCLUDE_SOURCE;
				MTL_FAST_MATH = YES;
				ONLY_ACTIVE_ARCH = YES;
				SDKROOT = iphoneos;
				SWIFT_ACTIVE_COMPILATION_CONDITIONS = DEBUG;
				SWIFT_OPTIMIZATION_LEVEL = "-Onone";
			};
			name = Debug;
		};
		5218DEC5291F3D5B00EDC095 /* Release */ = {
			isa = XCBuildConfiguration;
			baseConfigurationReference = 52E70A4D291F53B60056C8F5 /* MovieDB.xcconfig */;
			buildSettings = {
				ALWAYS_SEARCH_USER_PATHS = NO;
				CLANG_ANALYZER_NONNULL = YES;
				CLANG_ANALYZER_NUMBER_OBJECT_CONVERSION = YES_AGGRESSIVE;
				CLANG_CXX_LANGUAGE_STANDARD = "gnu++20";
				CLANG_ENABLE_MODULES = YES;
				CLANG_ENABLE_OBJC_ARC = YES;
				CLANG_ENABLE_OBJC_WEAK = YES;
				CLANG_WARN_BLOCK_CAPTURE_AUTORELEASING = YES;
				CLANG_WARN_BOOL_CONVERSION = YES;
				CLANG_WARN_COMMA = YES;
				CLANG_WARN_CONSTANT_CONVERSION = YES;
				CLANG_WARN_DEPRECATED_OBJC_IMPLEMENTATIONS = YES;
				CLANG_WARN_DIRECT_OBJC_ISA_USAGE = YES_ERROR;
				CLANG_WARN_DOCUMENTATION_COMMENTS = YES;
				CLANG_WARN_EMPTY_BODY = YES;
				CLANG_WARN_ENUM_CONVERSION = YES;
				CLANG_WARN_INFINITE_RECURSION = YES;
				CLANG_WARN_INT_CONVERSION = YES;
				CLANG_WARN_NON_LITERAL_NULL_CONVERSION = YES;
				CLANG_WARN_OBJC_IMPLICIT_RETAIN_SELF = YES;
				CLANG_WARN_OBJC_LITERAL_CONVERSION = YES;
				CLANG_WARN_OBJC_ROOT_CLASS = YES_ERROR;
				CLANG_WARN_QUOTED_INCLUDE_IN_FRAMEWORK_HEADER = YES;
				CLANG_WARN_RANGE_LOOP_ANALYSIS = YES;
				CLANG_WARN_STRICT_PROTOTYPES = YES;
				CLANG_WARN_SUSPICIOUS_MOVE = YES;
				CLANG_WARN_UNGUARDED_AVAILABILITY = YES_AGGRESSIVE;
				CLANG_WARN_UNREACHABLE_CODE = YES;
				CLANG_WARN__DUPLICATE_METHOD_MATCH = YES;
				COPY_PHASE_STRIP = NO;
				DEBUG_INFORMATION_FORMAT = "dwarf-with-dsym";
				ENABLE_NS_ASSERTIONS = NO;
				ENABLE_STRICT_OBJC_MSGSEND = YES;
				GCC_C_LANGUAGE_STANDARD = gnu11;
				GCC_NO_COMMON_BLOCKS = YES;
				GCC_WARN_64_TO_32_BIT_CONVERSION = YES;
				GCC_WARN_ABOUT_RETURN_TYPE = YES_ERROR;
				GCC_WARN_UNDECLARED_SELECTOR = YES;
				GCC_WARN_UNINITIALIZED_AUTOS = YES_AGGRESSIVE;
				GCC_WARN_UNUSED_FUNCTION = YES;
				GCC_WARN_UNUSED_VARIABLE = YES;
				IPHONEOS_DEPLOYMENT_TARGET = 16.0;
				MTL_ENABLE_DEBUG_INFO = NO;
				MTL_FAST_MATH = YES;
				SDKROOT = iphoneos;
				SWIFT_COMPILATION_MODE = wholemodule;
				SWIFT_OPTIMIZATION_LEVEL = "-O";
				VALIDATE_PRODUCT = YES;
			};
			name = Release;
		};
		5218DEC7291F3D5B00EDC095 /* Debug */ = {
			isa = XCBuildConfiguration;
			baseConfigurationReference = 52E70A4D291F53B60056C8F5 /* MovieDB.xcconfig */;
			buildSettings = {
				ASSETCATALOG_COMPILER_APPICON_NAME = AppIcon;
				ASSETCATALOG_COMPILER_GLOBAL_ACCENT_COLOR_NAME = AccentColor;
				CODE_SIGN_STYLE = Automatic;
				CURRENT_PROJECT_VERSION = 1;
				GENERATE_INFOPLIST_FILE = YES;
				INFOPLIST_FILE = MovieDB/Info.plist;
				INFOPLIST_KEY_UIApplicationSupportsIndirectInputEvents = YES;
				INFOPLIST_KEY_UILaunchStoryboardName = LaunchScreen;
				INFOPLIST_KEY_UISupportedInterfaceOrientations_iPad = "UIInterfaceOrientationPortrait UIInterfaceOrientationPortraitUpsideDown UIInterfaceOrientationLandscapeLeft UIInterfaceOrientationLandscapeRight";
				INFOPLIST_KEY_UISupportedInterfaceOrientations_iPhone = "UIInterfaceOrientationPortrait UIInterfaceOrientationLandscapeLeft UIInterfaceOrientationLandscapeRight";
				LD_RUNPATH_SEARCH_PATHS = (
					"$(inherited)",
					"@executable_path/Frameworks",
				);
				MARKETING_VERSION = 1.0;
				PRODUCT_BUNDLE_IDENTIFIER = com.playground.MovieDB;
				PRODUCT_NAME = "$(TARGET_NAME)";
				SWIFT_EMIT_LOC_STRINGS = YES;
				SWIFT_VERSION = 5.0;
				TARGETED_DEVICE_FAMILY = "1,2";
			};
			name = Debug;
		};
		5218DEC8291F3D5B00EDC095 /* Release */ = {
			isa = XCBuildConfiguration;
			baseConfigurationReference = 52E70A4D291F53B60056C8F5 /* MovieDB.xcconfig */;
			buildSettings = {
				ASSETCATALOG_COMPILER_APPICON_NAME = AppIcon;
				ASSETCATALOG_COMPILER_GLOBAL_ACCENT_COLOR_NAME = AccentColor;
				CODE_SIGN_STYLE = Automatic;
				CURRENT_PROJECT_VERSION = 1;
				GENERATE_INFOPLIST_FILE = YES;
				INFOPLIST_FILE = MovieDB/Info.plist;
				INFOPLIST_KEY_UIApplicationSupportsIndirectInputEvents = YES;
				INFOPLIST_KEY_UILaunchStoryboardName = LaunchScreen;
				INFOPLIST_KEY_UISupportedInterfaceOrientations_iPad = "UIInterfaceOrientationPortrait UIInterfaceOrientationPortraitUpsideDown UIInterfaceOrientationLandscapeLeft UIInterfaceOrientationLandscapeRight";
				INFOPLIST_KEY_UISupportedInterfaceOrientations_iPhone = "UIInterfaceOrientationPortrait UIInterfaceOrientationLandscapeLeft UIInterfaceOrientationLandscapeRight";
				LD_RUNPATH_SEARCH_PATHS = (
					"$(inherited)",
					"@executable_path/Frameworks",
				);
				MARKETING_VERSION = 1.0;
				PRODUCT_BUNDLE_IDENTIFIER = com.playground.MovieDB;
				PRODUCT_NAME = "$(TARGET_NAME)";
				SWIFT_EMIT_LOC_STRINGS = YES;
				SWIFT_VERSION = 5.0;
				TARGETED_DEVICE_FAMILY = "1,2";
			};
			name = Release;
		};
/* End XCBuildConfiguration section */

/* Begin XCConfigurationList section */
		5218DEAD291F3D5600EDC095 /* Build configuration list for PBXProject "MovieDB" */ = {
			isa = XCConfigurationList;
			buildConfigurations = (
				5218DEC4291F3D5B00EDC095 /* Debug */,
				5218DEC5291F3D5B00EDC095 /* Release */,
			);
			defaultConfigurationIsVisible = 0;
			defaultConfigurationName = Release;
		};
		5218DEC6291F3D5B00EDC095 /* Build configuration list for PBXNativeTarget "MovieDB" */ = {
			isa = XCConfigurationList;
			buildConfigurations = (
				5218DEC7291F3D5B00EDC095 /* Debug */,
				5218DEC8291F3D5B00EDC095 /* Release */,
			);
			defaultConfigurationIsVisible = 0;
			defaultConfigurationName = Release;
		};
/* End XCConfigurationList section */

/* Begin XCRemoteSwiftPackageReference section */
		5232CE6C2920F45B0048F707 /* XCRemoteSwiftPackageReference "SkeletonView" */ = {
			isa = XCRemoteSwiftPackageReference;
			repositoryURL = "https://github.com/Juanpe/SkeletonView.git";
			requirement = {
				kind = exactVersion;
				version = 1.9.0;
			};
		};
		52E70A55291F5C9B0056C8F5 /* XCRemoteSwiftPackageReference "Moya" */ = {
			isa = XCRemoteSwiftPackageReference;
			repositoryURL = "https://github.com/Moya/Moya.git";
			requirement = {
				kind = exactVersion;
				version = 15.0.0;
			};
		};
		52E70A64291F9C250056C8F5 /* XCRemoteSwiftPackageReference "Kingfisher" */ = {
			isa = XCRemoteSwiftPackageReference;
			repositoryURL = "https://github.com/onevcat/Kingfisher.git";
			requirement = {
				kind = exactVersion;
				version = 7.4.1;
			};
		};
/* End XCRemoteSwiftPackageReference section */

/* Begin XCSwiftPackageProductDependency section */
		5232CE6D2920F45B0048F707 /* SkeletonView */ = {
			isa = XCSwiftPackageProductDependency;
			package = 5232CE6C2920F45B0048F707 /* XCRemoteSwiftPackageReference "SkeletonView" */;
			productName = SkeletonView;
		};
		52E70A56291F5C9B0056C8F5 /* Moya */ = {
			isa = XCSwiftPackageProductDependency;
			package = 52E70A55291F5C9B0056C8F5 /* XCRemoteSwiftPackageReference "Moya" */;
			productName = Moya;
		};
		52E70A65291F9C250056C8F5 /* Kingfisher */ = {
			isa = XCSwiftPackageProductDependency;
			package = 52E70A64291F9C250056C8F5 /* XCRemoteSwiftPackageReference "Kingfisher" */;
			productName = Kingfisher;
		};
/* End XCSwiftPackageProductDependency section */
	};
	rootObject = 5218DEAA291F3D5600EDC095 /* Project object */;
}
